# This file is automatically @generated by Poetry 1.8.3 and should not be changed by hand.

[[package]]
name = "clear"
version = "2.0.0"
description = "A cross-platform Python module that provides a clear() function which clears the terminal. That's all."
optional = false
python-versions = "*"
files = [
    {file = "clear-2.0.0.tar.gz", hash = "sha256:fd6d42575ed65063edef3c46e65aa1b3fc05a144dc1691ba62033ffc35f46368"},
]

[metadata]
lock-version = "2.0"
python-versions = "^3.12"
content-hash = "c4f0d355e08ff9a2f75e981fc99484807f2d4170555411127f2dd23377a611c7"
